
Microsoft Visual Studio Solution File, Format Version 12.00
# Visual Studio Version 16
VisualStudioVersion = 16.0.31129.286
MinimumVisualStudioVersion = 10.0.40219.1
Project("{FAE04EC0-301F-11D3-BF4B-00C04F79EFBC}") = "Io.JoeMoceri.FieldMapper", "Io.JoeMoceri.FieldMapper\Io.JoeMoceri.FieldMapper.csproj", "{5CBA167B-4B05-4451-950C-86AB60859549}"
EndProject
Project("{FAE04EC0-301F-11D3-BF4B-00C04F79EFBC}") = "Io.JoeMoceri.FieldMapper.Tests", "Io.JoeMoceri.FieldMapper.Tests\Io.JoeMoceri.FieldMapper.Tests.csproj", "{2FD85AB2-865A-4E07-BD22-C6E170DCE846}"
EndProject
Global
	GlobalSection(SolutionConfigurationPlatforms) = preSolution
		Debug|Any CPU = Debug|Any CPU
		Release|Any CPU = Release|Any CPU
	EndGlobalSection
	GlobalSection(ProjectConfigurationPlatforms) = postSolution
		{5CBA167B-4B05-4451-950C-86AB60859549}.Debug|Any CPU.ActiveCfg = Debug|Any CPU
		{5CBA167B-4B05-4451-950C-86AB60859549}.Debug|Any CPU.Build.0 = Debug|Any CPU
		{5CBA167B-4B05-4451-950C-86AB60859549}.Release|Any CPU.ActiveCfg = Release|Any CPU
		{5CBA167B-4B05-4451-950C-86AB60859549}.Release|Any CPU.Build.0 = Release|Any CPU
		{2FD85AB2-865A-4E07-BD22-C6E170DCE846}.Debug|Any CPU.ActiveCfg = Debug|Any CPU
		{2FD85AB2-865A-4E07-BD22-C6E170DCE846}.Debug|Any CPU.Build.0 = Debug|Any CPU
		{2FD85AB2-865A-4E07-BD22-C6E170DCE846}.Release|Any CPU.ActiveCfg = Release|Any CPU
		{2FD85AB2-865A-4E07-BD22-C6E170DCE846}.Release|Any CPU.Build.0 = Release|Any CPU
	EndGlobalSection
	GlobalSection(SolutionProperties) = preSolution
		HideSolutionNode = FALSE
	EndGlobalSection
	GlobalSection(ExtensibilityGlobals) = postSolution
		SolutionGuid = {ABD73679-CC72-487C-BD4F-66D306CD8597}
	EndGlobalSection
EndGlobal
